{
  "name": "zhaozi_agent_loop",
  "lockfileVersion": 3,
  "requires": true,
  "packages": {
    "": {
      "dependencies": {
        "@deepseek-ai/cordis": "^4.0.2"
      }
    },
    "node_modules/@deepseek-ai/cordis": {
      "version": "4.0.2",
      "resolved": "https://registry.npmjs.org/@deepseek-ai/cordis/-/cordis-4.0.2.tgz",
      "integrity": "sha512-asOnXP1TzFSFQlHb1iegDZp0z/8WD1c7YNrwJR/Tx2bzNuMXfcekE/I67Iv6SQXeLB4csxqCngzQKANP7gdw0g==",
      "license": "MIT",
      "dependencies": {
        "@deepseek-ai/cosmokit": "^1.8.3",
        "@standard-schema/spec": "^1.1.0"
      },
      "bin": {
        "cordis": "bin.js"
      },
      "peerDependencies": {
        "@deepseek-ai/cordis-plugin-include": "^1.0.7",
        "@deepseek-ai/cordis-plugin-loader": "^1.0.3"
      },
      "peerDependenciesMeta": {
        "@deepseek-ai/cordis-plugin-include": {
          "optional": true
        },
        "@deepseek-ai/cordis-plugin-loader": {
          "optional": true
        }
      }
    },
    "node_modules/@deepseek-ai/cosmokit": {
      "version": "1.8.3",
      "resolved": "https://registry.npmjs.org/@deepseek-ai/cosmokit/-/cosmokit-1.8.3.tgz",
      "integrity": "sha512-qBo+ronVM6Eu2WNVJXi8JcMiqZ19T9BRIpV+5qJUFPXjGH/Z0QKcQMC/IZJ7L394YTOtJgcovbk9qP0w2GsBXQ==",
      "license": "MIT"
    },
    "node_modules/@standard-schema/spec": {
      "version": "1.1.0",
      "resolved": "https://registry.npmjs.org/@standard-schema/spec/-/spec-1.1.0.tgz",
      "integrity": "sha512-l2aFy5jALhniG5HgqrD6jXLi/rUWrKvqN/qJx6yoJsgKhblVd+iqqU4RCXavm/jPityDo5TCvKMnpjKnOriy0w==",
      "license": "MIT"
    }
  }
}
